# THIS IS AN AUTOGENERATED FILE. DO NOT EDIT THIS FILE DIRECTLY.
# yarn lockfile v1


"@types/d3-ease@^1.0.7":
  version "1.0.7"
  resolved "https://registry.yarnpkg.com/@types/d3-ease/-/d3-ease-1.0.7.tgz#93a301868be9e15061f3d44343b1ab3f8acb6f09"

"@types/lodash@^4.14.109":
  version "4.14.109"
  resolved "https://registry.yarnpkg.com/@types/lodash/-/lodash-4.14.109.tgz#b1c4442239730bf35cabaf493c772b18c045886d"

"@types/react-native@^0.55.17":
  version "0.55.17"
  resolved "https://registry.yarnpkg.com/@types/react-native/-/react-native-0.55.17.tgz#c3ac72096c3dfe26ff58cce820a1ba39c0026564"
  dependencies:
    "@types/react" "*"

"@types/react@*", "@types/react@^16.3.17":
  version "16.3.17"
  resolved "https://registry.yarnpkg.com/@types/react/-/react-16.3.17.tgz#d59d1a632570b0713946ed9c2949d994773633c5"
  dependencies:
    csstype "^2.2.0"

csstype@^2.2.0:
  version "2.5.3"
  resolved "https://registry.yarnpkg.com/csstype/-/csstype-2.5.3.tgz#2504152e6e1cc59b32098b7f5d6a63f16294c1f7"

d3-color@1:
  version "1.2.0"
  resolved "https://registry.yarnpkg.com/d3-color/-/d3-color-1.2.0.tgz#d1ea19db5859c86854586276ec892cf93148459a"

d3-ease@^1.0.3:
  version "1.0.3"
  resolved "https://registry.yarnpkg.com/d3-ease/-/d3-ease-1.0.3.tgz#68bfbc349338a380c44d8acc4fbc3304aa2d8c0e"

d3-interpolate@^1.1.6:
  version "1.2.0"
  resolved "https://registry.yarnpkg.com/d3-interpolate/-/d3-interpolate-1.2.0.tgz#40d81bd8e959ff021c5ea7545bc79b8d22331c41"
  dependencies:
    d3-color "1"

d3-timer@^1.0.4:
  version "1.0.7"
  resolved "https://registry.yarnpkg.com/d3-timer/-/d3-timer-1.0.7.tgz#df9650ca587f6c96607ff4e60cc38229e8dd8531"

lodash@^4.17.10:
  version "4.17.10"
  resolved "https://registry.yarnpkg.com/lodash/-/lodash-4.17.10.tgz#1b7793cf7259ea38fb3661d4d38b3260af8ae4e7"

react-move@^2.7.0:
  version "2.7.0"
  resolved "https://registry.yarnpkg.com/react-move/-/react-move-2.7.0.tgz#8f5b3d37cc614b9de90e1e2744c80a1e3ff2fcfd"
  dependencies:
    d3-interpolate "^1.1.6"
    d3-timer "^1.0.4"

typescript@2.8.3:
  version "2.8.3"
  resolved "https://registry.yarnpkg.com/typescript/-/typescript-2.8.3.tgz#5d817f9b6f31bb871835f4edf0089f21abe6c170"
